
Microsoft Visual Studio Solution File, Format Version 12.00
# Visual Studio Version 17
VisualStudioVersion = 17.0.32126.317
MinimumVisualStudioVersion = 10.0.40219.1
Project("{FAE04EC0-301F-11D3-BF4B-00C04F79EFBC}") = "Calificaciones", "Calificaciones\Calificaciones.csproj", "{CE85838A-2B06-4505-A821-D4BFED69F350}"
EndProject
Global
	GlobalSection(SolutionConfigurationPlatforms) = preSolution
		Debug|Any CPU = Debug|Any CPU
		Release|Any CPU = Release|Any CPU
	EndGlobalSection
	GlobalSection(ProjectConfigurationPlatforms) = postSolution
		{CE85838A-2B06-4505-A821-D4BFED69F350}.Debug|Any CPU.ActiveCfg = Debug|Any CPU
		{CE85838A-2B06-4505-A821-D4BFED69F350}.Debug|Any CPU.Build.0 = Debug|Any CPU
		{CE85838A-2B06-4505-A821-D4BFED69F350}.Release|Any CPU.ActiveCfg = Release|Any CPU
		{CE85838A-2B06-4505-A821-D4BFED69F350}.Release|Any CPU.Build.0 = Release|Any CPU
	EndGlobalSection
	GlobalSection(SolutionProperties) = preSolution
		HideSolutionNode = FALSE
	EndGlobalSection
	GlobalSection(ExtensibilityGlobals) = postSolution
		SolutionGuid = {04FD1513-E2CB-4391-8F52-E827B7B7492A}
	EndGlobalSection
EndGlobal
