
Microsoft Visual Studio Solution File, Format Version 12.00
# Visual Studio Version 17
VisualStudioVersion = 17.0.32126.317
MinimumVisualStudioVersion = 10.0.40219.1
Project("{FAE04EC0-301F-11D3-BF4B-00C04F79EFBC}") = "Segundos_Minutos_Horas_Dias", "Segundos_Minutos_Horas_Dias\Segundos_Minutos_Horas_Dias.csproj", "{3FCB7DC8-AB85-4C16-8BE0-D2C8884B86CF}"
EndProject
Global
	GlobalSection(SolutionConfigurationPlatforms) = preSolution
		Debug|Any CPU = Debug|Any CPU
		Release|Any CPU = Release|Any CPU
	EndGlobalSection
	GlobalSection(ProjectConfigurationPlatforms) = postSolution
		{3FCB7DC8-AB85-4C16-8BE0-D2C8884B86CF}.Debug|Any CPU.ActiveCfg = Debug|Any CPU
		{3FCB7DC8-AB85-4C16-8BE0-D2C8884B86CF}.Debug|Any CPU.Build.0 = Debug|Any CPU
		{3FCB7DC8-AB85-4C16-8BE0-D2C8884B86CF}.Release|Any CPU.ActiveCfg = Release|Any CPU
		{3FCB7DC8-AB85-4C16-8BE0-D2C8884B86CF}.Release|Any CPU.Build.0 = Release|Any CPU
	EndGlobalSection
	GlobalSection(SolutionProperties) = preSolution
		HideSolutionNode = FALSE
	EndGlobalSection
	GlobalSection(ExtensibilityGlobals) = postSolution
		SolutionGuid = {D6DFF62A-D850-4D16-91CE-F52A084D9A9A}
	EndGlobalSection
EndGlobal
